
Microsoft Visual Studio Solution File, Format Version 12.00
# Visual Studio Version 16
VisualStudioVersion = 16.0.31424.327
MinimumVisualStudioVersion = 10.0.40219.1
Project("{FAE04EC0-301F-11D3-BF4B-00C04F79EFBC}") = "01_Hello_SoftUni", "01_Hello_SoftUni\01_Hello_SoftUni.csproj", "{ADF79CD6-C6BE-40F0-80FD-092B3C5AF578}"
EndProject
Global
	GlobalSection(SolutionConfigurationPlatforms) = preSolution
		Debug|Any CPU = Debug|Any CPU
		Release|Any CPU = Release|Any CPU
	EndGlobalSection
	GlobalSection(ProjectConfigurationPlatforms) = postSolution
		{ADF79CD6-C6BE-40F0-80FD-092B3C5AF578}.Debug|Any CPU.ActiveCfg = Debug|Any CPU
		{ADF79CD6-C6BE-40F0-80FD-092B3C5AF578}.Debug|Any CPU.Build.0 = Debug|Any CPU
		{ADF79CD6-C6BE-40F0-80FD-092B3C5AF578}.Release|Any CPU.ActiveCfg = Release|Any CPU
		{ADF79CD6-C6BE-40F0-80FD-092B3C5AF578}.Release|Any CPU.Build.0 = Release|Any CPU
	EndGlobalSection
	GlobalSection(SolutionProperties) = preSolution
		HideSolutionNode = FALSE
	EndGlobalSection
	GlobalSection(ExtensibilityGlobals) = postSolution
		SolutionGuid = {16DB6799-BBAC-469D-866B-760F37405592}
	EndGlobalSection
EndGlobal
